
Microsoft Visual Studio Solution File, Format Version 12.00
# Visual Studio 15
VisualStudioVersion = 15.0.28010.2003
MinimumVisualStudioVersion = 10.0.40219.1
Project("{FAE04EC0-301F-11D3-BF4B-00C04F79EFBC}") = "pong_csharp", "pong_csharp\pong_csharp.csproj", "{579A0D94-1751-4657-BE5F-FEC7FF2E092C}"
EndProject
Global
	GlobalSection(SolutionConfigurationPlatforms) = preSolution
		Debug|Any CPU = Debug|Any CPU
		Release|Any CPU = Release|Any CPU
	EndGlobalSection
	GlobalSection(ProjectConfigurationPlatforms) = postSolution
		{579A0D94-1751-4657-BE5F-FEC7FF2E092C}.Debug|Any CPU.ActiveCfg = Debug|Any CPU
		{579A0D94-1751-4657-BE5F-FEC7FF2E092C}.Debug|Any CPU.Build.0 = Debug|Any CPU
		{579A0D94-1751-4657-BE5F-FEC7FF2E092C}.Release|Any CPU.ActiveCfg = Release|Any CPU
		{579A0D94-1751-4657-BE5F-FEC7FF2E092C}.Release|Any CPU.Build.0 = Release|Any CPU
	EndGlobalSection
	GlobalSection(SolutionProperties) = preSolution
		HideSolutionNode = FALSE
	EndGlobalSection
	GlobalSection(ExtensibilityGlobals) = postSolution
		SolutionGuid = {DB26E073-6147-4B55-BF58-A8B81D41BB75}
	EndGlobalSection
EndGlobal
